
Microsoft Visual Studio Solution File, Format Version 12.00
# Visual Studio Version 17
VisualStudioVersion = 17.9.34728.123
MinimumVisualStudioVersion = 10.0.40219.1
Project("{9A19103F-16F7-4668-BE54-9A1E7A4F7556}") = "MyFinanceWeb.Server", "MyFinanceWeb.Server\MyFinanceWeb.Server.csproj", "{BE9A4F6F-0317-449B-8652-6D095D41DE3F}"
EndProject
Project("{54A90642-561A-4BB1-A94E-469ADEE60C69}") = "myfinanceweb.client", "..\app\myfinanceweb.client\myfinanceweb.client.esproj", "{C2C5B1D5-F40B-43D2-9AC5-B847DB4E2D9B}"
EndProject
Project("{FAE04EC0-301F-11D3-BF4B-00C04F79EFBC}") = "MyFinanceWeb.Infra", "MyFinanceWeb.Infra\MyFinanceWeb.Infra.csproj", "{D0E7B8F1-DDD4-4DC9-BEA5-06AC4F03D2A9}"
EndProject
Project("{FAE04EC0-301F-11D3-BF4B-00C04F79EFBC}") = "MyFinanceWeb.Domain", "MyFinanceWeb.Domain\MyFinanceWeb.Domain.csproj", "{A76E5C7C-53A9-4737-B782-B81F7AE148B0}"
EndProject
Project("{FAE04EC0-301F-11D3-BF4B-00C04F79EFBC}") = "MyFinanceWeb.Application", "MyFinanceWeb.Application\MyFinanceWeb.Application.csproj", "{9B4349A0-0305-4B7A-B463-2A9B9C59E8AB}"
EndProject
Global
	GlobalSection(SolutionConfigurationPlatforms) = preSolution
		Debug|Any CPU = Debug|Any CPU
		Release|Any CPU = Release|Any CPU
	EndGlobalSection
	GlobalSection(ProjectConfigurationPlatforms) = postSolution
		{BE9A4F6F-0317-449B-8652-6D095D41DE3F}.Debug|Any CPU.ActiveCfg = Debug|Any CPU
		{BE9A4F6F-0317-449B-8652-6D095D41DE3F}.Debug|Any CPU.Build.0 = Debug|Any CPU
		{BE9A4F6F-0317-449B-8652-6D095D41DE3F}.Release|Any CPU.ActiveCfg = Release|Any CPU
		{BE9A4F6F-0317-449B-8652-6D095D41DE3F}.Release|Any CPU.Build.0 = Release|Any CPU
		{C2C5B1D5-F40B-43D2-9AC5-B847DB4E2D9B}.Debug|Any CPU.ActiveCfg = Debug|Any CPU
		{C2C5B1D5-F40B-43D2-9AC5-B847DB4E2D9B}.Debug|Any CPU.Build.0 = Debug|Any CPU
		{C2C5B1D5-F40B-43D2-9AC5-B847DB4E2D9B}.Debug|Any CPU.Deploy.0 = Debug|Any CPU
		{C2C5B1D5-F40B-43D2-9AC5-B847DB4E2D9B}.Release|Any CPU.ActiveCfg = Release|Any CPU
		{C2C5B1D5-F40B-43D2-9AC5-B847DB4E2D9B}.Release|Any CPU.Build.0 = Release|Any CPU
		{C2C5B1D5-F40B-43D2-9AC5-B847DB4E2D9B}.Release|Any CPU.Deploy.0 = Release|Any CPU
		{D0E7B8F1-DDD4-4DC9-BEA5-06AC4F03D2A9}.Debug|Any CPU.ActiveCfg = Debug|Any CPU
		{D0E7B8F1-DDD4-4DC9-BEA5-06AC4F03D2A9}.Debug|Any CPU.Build.0 = Debug|Any CPU
		{D0E7B8F1-DDD4-4DC9-BEA5-06AC4F03D2A9}.Release|Any CPU.ActiveCfg = Release|Any CPU
		{D0E7B8F1-DDD4-4DC9-BEA5-06AC4F03D2A9}.Release|Any CPU.Build.0 = Release|Any CPU
		{A76E5C7C-53A9-4737-B782-B81F7AE148B0}.Debug|Any CPU.ActiveCfg = Debug|Any CPU
		{A76E5C7C-53A9-4737-B782-B81F7AE148B0}.Debug|Any CPU.Build.0 = Debug|Any CPU
		{A76E5C7C-53A9-4737-B782-B81F7AE148B0}.Release|Any CPU.ActiveCfg = Release|Any CPU
		{A76E5C7C-53A9-4737-B782-B81F7AE148B0}.Release|Any CPU.Build.0 = Release|Any CPU
		{9B4349A0-0305-4B7A-B463-2A9B9C59E8AB}.Debug|Any CPU.ActiveCfg = Debug|Any CPU
		{9B4349A0-0305-4B7A-B463-2A9B9C59E8AB}.Debug|Any CPU.Build.0 = Debug|Any CPU
		{9B4349A0-0305-4B7A-B463-2A9B9C59E8AB}.Release|Any CPU.ActiveCfg = Release|Any CPU
		{9B4349A0-0305-4B7A-B463-2A9B9C59E8AB}.Release|Any CPU.Build.0 = Release|Any CPU
	EndGlobalSection
	GlobalSection(SolutionProperties) = preSolution
		HideSolutionNode = FALSE
	EndGlobalSection
	GlobalSection(ExtensibilityGlobals) = postSolution
		SolutionGuid = {B4BB30C3-D079-49FB-AC2A-C95146C90281}
	EndGlobalSection
EndGlobal
